
Microsoft Visual Studio Solution File, Format Version 12.00
# Visual Studio Version 16
VisualStudioVersion = 16.0.32510.428
MinimumVisualStudioVersion = 10.0.40219.1
Project("{9A19103F-16F7-4668-BE54-9A1E7A4F7556}") = "PatternSamples.FactoryMethod", "PatternSamples.FactoryMethod\PatternSamples.FactoryMethod.csproj", "{97BFAD45-812B-4605-9505-A863DB408C69}"
EndProject
Project("{9A19103F-16F7-4668-BE54-9A1E7A4F7556}") = "PatternSamples.AbstractFactory", "PatternSamples.AbstractFactory\PatternSamples.AbstractFactory.csproj", "{E7770A75-B48B-487D-807B-343B0D664C87}"
EndProject
Project("{9A19103F-16F7-4668-BE54-9A1E7A4F7556}") = "PatternSamples.Prototype", "PatternSamples.Prototype\PatternSamples.Prototype.csproj", "{195DD40B-857A-441D-862D-B9951E4D3227}"
EndProject
Project("{FAE04EC0-301F-11D3-BF4B-00C04F79EFBC}") = "PatternSamples.Composite", "PatternSamples.Composite\PatternSamples.Composite.csproj", "{B496DDC6-F40C-457A-AF5D-19125D30ED69}"
EndProject
Project("{FAE04EC0-301F-11D3-BF4B-00C04F79EFBC}") = "PatternSamples.Adapter", "PatternSamples.Adapter\PatternSamples.Adapter.csproj", "{1E79163B-6BB6-4677-A178-49659874D8D5}"
EndProject
Project("{FAE04EC0-301F-11D3-BF4B-00C04F79EFBC}") = "PatternSamples.Proxy", "PatternSamples.Proxy\PatternSamples.Proxy.csproj", "{CA266B7C-E0D5-4AE6-98F5-702491835C89}"
EndProject
Global
	GlobalSection(SolutionConfigurationPlatforms) = preSolution
		Debug|Any CPU = Debug|Any CPU
		Release|Any CPU = Release|Any CPU
	EndGlobalSection
	GlobalSection(ProjectConfigurationPlatforms) = postSolution
		{97BFAD45-812B-4605-9505-A863DB408C69}.Debug|Any CPU.ActiveCfg = Debug|Any CPU
		{97BFAD45-812B-4605-9505-A863DB408C69}.Debug|Any CPU.Build.0 = Debug|Any CPU
		{97BFAD45-812B-4605-9505-A863DB408C69}.Release|Any CPU.ActiveCfg = Release|Any CPU
		{97BFAD45-812B-4605-9505-A863DB408C69}.Release|Any CPU.Build.0 = Release|Any CPU
		{E7770A75-B48B-487D-807B-343B0D664C87}.Debug|Any CPU.ActiveCfg = Debug|Any CPU
		{E7770A75-B48B-487D-807B-343B0D664C87}.Debug|Any CPU.Build.0 = Debug|Any CPU
		{E7770A75-B48B-487D-807B-343B0D664C87}.Release|Any CPU.ActiveCfg = Release|Any CPU
		{E7770A75-B48B-487D-807B-343B0D664C87}.Release|Any CPU.Build.0 = Release|Any CPU
		{195DD40B-857A-441D-862D-B9951E4D3227}.Debug|Any CPU.ActiveCfg = Debug|Any CPU
		{195DD40B-857A-441D-862D-B9951E4D3227}.Debug|Any CPU.Build.0 = Debug|Any CPU
		{195DD40B-857A-441D-862D-B9951E4D3227}.Release|Any CPU.ActiveCfg = Release|Any CPU
		{195DD40B-857A-441D-862D-B9951E4D3227}.Release|Any CPU.Build.0 = Release|Any CPU
		{B496DDC6-F40C-457A-AF5D-19125D30ED69}.Debug|Any CPU.ActiveCfg = Debug|Any CPU
		{B496DDC6-F40C-457A-AF5D-19125D30ED69}.Debug|Any CPU.Build.0 = Debug|Any CPU
		{B496DDC6-F40C-457A-AF5D-19125D30ED69}.Release|Any CPU.ActiveCfg = Release|Any CPU
		{B496DDC6-F40C-457A-AF5D-19125D30ED69}.Release|Any CPU.Build.0 = Release|Any CPU
		{1E79163B-6BB6-4677-A178-49659874D8D5}.Debug|Any CPU.ActiveCfg = Debug|Any CPU
		{1E79163B-6BB6-4677-A178-49659874D8D5}.Debug|Any CPU.Build.0 = Debug|Any CPU
		{1E79163B-6BB6-4677-A178-49659874D8D5}.Release|Any CPU.ActiveCfg = Release|Any CPU
		{1E79163B-6BB6-4677-A178-49659874D8D5}.Release|Any CPU.Build.0 = Release|Any CPU
		{CA266B7C-E0D5-4AE6-98F5-702491835C89}.Debug|Any CPU.ActiveCfg = Debug|Any CPU
		{CA266B7C-E0D5-4AE6-98F5-702491835C89}.Debug|Any CPU.Build.0 = Debug|Any CPU
		{CA266B7C-E0D5-4AE6-98F5-702491835C89}.Release|Any CPU.ActiveCfg = Release|Any CPU
		{CA266B7C-E0D5-4AE6-98F5-702491835C89}.Release|Any CPU.Build.0 = Release|Any CPU
	EndGlobalSection
	GlobalSection(SolutionProperties) = preSolution
		HideSolutionNode = FALSE
	EndGlobalSection
	GlobalSection(ExtensibilityGlobals) = postSolution
		SolutionGuid = {FC9E7DAD-C5DD-47F0-B6D6-77084B3B1BD1}
	EndGlobalSection
EndGlobal
